// !$*UTF8*$!
{
	archiveVersion = 1;
	classes = {
	};
	objectVersion = 56;
	objects = {

/* Begin PBXBuildFile section */
		1F2826772BED3A82004035FA /* SwiftUi_AppleFrameworksApp.swift in Sources */ = {isa = PBXBuildFile; fileRef = 1F2826762BED3A82004035FA /* SwiftUi_AppleFrameworksApp.swift */; };
		1F28267B2BED3A86004035FA /* Assets.xcassets in Resources */ = {isa = PBXBuildFile; fileRef = 1F28267A2BED3A86004035FA /* Assets.xcassets */; };
		1F28267E2BED3A86004035FA /* Preview Assets.xcassets in Resources */ = {isa = PBXBuildFile; fileRef = 1F28267D2BED3A86004035FA /* Preview Assets.xcassets */; };
		1F2826852BED3B21004035FA /* Framework.swift in Sources */ = {isa = PBXBuildFile; fileRef = 1F2826842BED3B21004035FA /* Framework.swift */; };
		1F2826872BED3F23004035FA /* FrameworkGridView.swift in Sources */ = {isa = PBXBuildFile; fileRef = 1F2826862BED3F23004035FA /* FrameworkGridView.swift */; };
		1FCC011E2BF0B278002D1540 /* SafariView.swift in Sources */ = {isa = PBXBuildFile; fileRef = 1FCC011D2BF0B278002D1540 /* SafariView.swift */; };
		1FFC67982BEFA5AE00C1B8E1 /* FrameworkDetailView.swift in Sources */ = {isa = PBXBuildFile; fileRef = 1FFC67972BEFA5AE00C1B8E1 /* FrameworkDetailView.swift */; };
		1FFC679A2BEFB03A00C1B8E1 /* AFButton.swift in Sources */ = {isa = PBXBuildFile; fileRef = 1FFC67992BEFB03A00C1B8E1 /* AFButton.swift */; };
		1FFC679C2BEFB70100C1B8E1 /* FrameworkGridViewModel.swift in Sources */ = {isa = PBXBuildFile; fileRef = 1FFC679B2BEFB70100C1B8E1 /* FrameworkGridViewModel.swift */; };
/* End PBXBuildFile section */

/* Begin PBXFileReference section */
		1F2826732BED3A82004035FA /* SwiftUi-AppleFrameworks.app */ = {isa = PBXFileReference; explicitFileType = wrapper.application; includeInIndex = 0; path = "SwiftUi-AppleFrameworks.app"; sourceTree = BUILT_PRODUCTS_DIR; };
		1F2826762BED3A82004035FA /* SwiftUi_AppleFrameworksApp.swift */ = {isa = PBXFileReference; lastKnownFileType = sourcecode.swift; path = SwiftUi_AppleFrameworksApp.swift; sourceTree = "<group>"; };
		1F28267A2BED3A86004035FA /* Assets.xcassets */ = {isa = PBXFileReference; lastKnownFileType = folder.assetcatalog; path = Assets.xcassets; sourceTree = "<group>"; };
		1F28267D2BED3A86004035FA /* Preview Assets.xcassets */ = {isa = PBXFileReference; lastKnownFileType = folder.assetcatalog; path = "Preview Assets.xcassets"; sourceTree = "<group>"; };
		1F2826842BED3B21004035FA /* Framework.swift */ = {isa = PBXFileReference; lastKnownFileType = sourcecode.swift; path = Framework.swift; sourceTree = "<group>"; };
		1F2826862BED3F23004035FA /* FrameworkGridView.swift */ = {isa = PBXFileReference; lastKnownFileType = sourcecode.swift; path = FrameworkGridView.swift; sourceTree = "<group>"; };
		1FCC011D2BF0B278002D1540 /* SafariView.swift */ = {isa = PBXFileReference; lastKnownFileType = sourcecode.swift; path = SafariView.swift; sourceTree = "<group>"; };
		1FFC67972BEFA5AE00C1B8E1 /* FrameworkDetailView.swift */ = {isa = PBXFileReference; lastKnownFileType = sourcecode.swift; path = FrameworkDetailView.swift; sourceTree = "<group>"; };
		1FFC67992BEFB03A00C1B8E1 /* AFButton.swift */ = {isa = PBXFileReference; lastKnownFileType = sourcecode.swift; path = AFButton.swift; sourceTree = "<group>"; };
		1FFC679B2BEFB70100C1B8E1 /* FrameworkGridViewModel.swift */ = {isa = PBXFileReference; lastKnownFileType = sourcecode.swift; path = FrameworkGridViewModel.swift; sourceTree = "<group>"; };
/* End PBXFileReference section */

/* Begin PBXFrameworksBuildPhase section */
		1F2826702BED3A82004035FA /* Frameworks */ = {
			isa = PBXFrameworksBuildPhase;
			buildActionMask = 2147483647;
			files = (
			);
			runOnlyForDeploymentPostprocessing = 0;
		};
/* End PBXFrameworksBuildPhase section */

/* Begin PBXGroup section */
		1F28266A2BED3A81004035FA = {
			isa = PBXGroup;
			children = (
				1F2826752BED3A82004035FA /* SwiftUi-AppleFrameworks */,
				1F2826742BED3A82004035FA /* Products */,
			);
			sourceTree = "<group>";
		};
		1F2826742BED3A82004035FA /* Products */ = {
			isa = PBXGroup;
			children = (
				1F2826732BED3A82004035FA /* SwiftUi-AppleFrameworks.app */,
			);
			name = Products;
			sourceTree = "<group>";
		};
		1F2826752BED3A82004035FA /* SwiftUi-AppleFrameworks */ = {
			isa = PBXGroup;
			children = (
				1FCC01232BF0C17E002D1540 /* Views */,
				1FCC01222BF0C165002D1540 /* Model */,
				1FCC011F2BF0C0EF002D1540 /* Screens */,
				1F2826762BED3A82004035FA /* SwiftUi_AppleFrameworksApp.swift */,
				1F28267A2BED3A86004035FA /* Assets.xcassets */,
				1F28267C2BED3A86004035FA /* Preview Content */,
			);
			path = "SwiftUi-AppleFrameworks";
			sourceTree = "<group>";
		};
		1F28267C2BED3A86004035FA /* Preview Content */ = {
			isa = PBXGroup;
			children = (
				1F28267D2BED3A86004035FA /* Preview Assets.xcassets */,
			);
			path = "Preview Content";
			sourceTree = "<group>";
		};
		1FCC011F2BF0C0EF002D1540 /* Screens */ = {
			isa = PBXGroup;
			children = (
				1FCC01212BF0C129002D1540 /* FrameworkDetailView */,
				1FCC01202BF0C0F6002D1540 /* FrameworkGridView */,
			);
			path = Screens;
			sourceTree = "<group>";
		};
		1FCC01202BF0C0F6002D1540 /* FrameworkGridView */ = {
			isa = PBXGroup;
			children = (
				1FFC679B2BEFB70100C1B8E1 /* FrameworkGridViewModel.swift */,
				1F2826862BED3F23004035FA /* FrameworkGridView.swift */,
			);
			path = FrameworkGridView;
			sourceTree = "<group>";
		};
		1FCC01212BF0C129002D1540 /* FrameworkDetailView */ = {
			isa = PBXGroup;
			children = (
				1FFC67972BEFA5AE00C1B8E1 /* FrameworkDetailView.swift */,
			);
			path = FrameworkDetailView;
			sourceTree = "<group>";
		};
		1FCC01222BF0C165002D1540 /* Model */ = {
			isa = PBXGroup;
			children = (
				1F2826842BED3B21004035FA /* Framework.swift */,
			);
			path = Model;
			sourceTree = "<group>";
		};
		1FCC01232BF0C17E002D1540 /* Views */ = {
			isa = PBXGroup;
			children = (
				1FCC01252BF0C1A9002D1540 /* View */,
				1FCC01242BF0C186002D1540 /* Buttons */,
			);
			path = Views;
			sourceTree = "<group>";
		};
		1FCC01242BF0C186002D1540 /* Buttons */ = {
			isa = PBXGroup;
			children = (
				1FFC67992BEFB03A00C1B8E1 /* AFButton.swift */,
			);
			path = Buttons;
			sourceTree = "<group>";
		};
		1FCC01252BF0C1A9002D1540 /* View */ = {
			isa = PBXGroup;
			children = (
				1FCC011D2BF0B278002D1540 /* SafariView.swift */,
			);
			path = View;
			sourceTree = "<group>";
		};
/* End PBXGroup section */

/* Begin PBXNativeTarget section */
		1F2826722BED3A82004035FA /* SwiftUi-AppleFrameworks */ = {
			isa = PBXNativeTarget;
			buildConfigurationList = 1F2826812BED3A86004035FA /* Build configuration list for PBXNativeTarget "SwiftUi-AppleFrameworks" */;
			buildPhases = (
				1F28266F2BED3A82004035FA /* Sources */,
				1F2826702BED3A82004035FA /* Frameworks */,
				1F2826712BED3A82004035FA /* Resources */,
			);
			buildRules = (
			);
			dependencies = (
			);
			name = "SwiftUi-AppleFrameworks";
			productName = "SwiftUi-AppleFrameworks";
			productReference = 1F2826732BED3A82004035FA /* SwiftUi-AppleFrameworks.app */;
			productType = "com.apple.product-type.application";
		};
/* End PBXNativeTarget section */

/* Begin PBXProject section */
		1F28266B2BED3A81004035FA /* Project object */ = {
			isa = PBXProject;
			attributes = {
				BuildIndependentTargetsInParallel = 1;
				LastSwiftUpdateCheck = 1530;
				LastUpgradeCheck = 1530;
				TargetAttributes = {
					1F2826722BED3A82004035FA = {
						CreatedOnToolsVersion = 15.3;
					};
				};
			};
			buildConfigurationList = 1F28266E2BED3A81004035FA /* Build configuration list for PBXProject "SwiftUi-AppleFrameworks" */;
			compatibilityVersion = "Xcode 14.0";
			developmentRegion = en;
			hasScannedForEncodings = 0;
			knownRegions = (
				en,
				Base,
			);
			mainGroup = 1F28266A2BED3A81004035FA;
			productRefGroup = 1F2826742BED3A82004035FA /* Products */;
			projectDirPath = "";
			projectRoot = "";
			targets = (
				1F2826722BED3A82004035FA /* SwiftUi-AppleFrameworks */,
			);
		};
/* End PBXProject section */

/* Begin PBXResourcesBuildPhase section */
		1F2826712BED3A82004035FA /* Resources */ = {
			isa = PBXResourcesBuildPhase;
			buildActionMask = 2147483647;
			files = (
				1F28267E2BED3A86004035FA /* Preview Assets.xcassets in Resources */,
				1F28267B2BED3A86004035FA /* Assets.xcassets in Resources */,
			);
			runOnlyForDeploymentPostprocessing = 0;
		};
/* End PBXResourcesBuildPhase section */

/* Begin PBXSourcesBuildPhase section */
		1F28266F2BED3A82004035FA /* Sources */ = {
			isa = PBXSourcesBuildPhase;
			buildActionMask = 2147483647;
			files = (
				1FFC67982BEFA5AE00C1B8E1 /* FrameworkDetailView.swift in Sources */,
				1F2826872BED3F23004035FA /* FrameworkGridView.swift in Sources */,
				1F2826852BED3B21004035FA /* Framework.swift in Sources */,
				1FFC679A2BEFB03A00C1B8E1 /* AFButton.swift in Sources */,
				1F2826772BED3A82004035FA /* SwiftUi_AppleFrameworksApp.swift in Sources */,
				1FFC679C2BEFB70100C1B8E1 /* FrameworkGridViewModel.swift in Sources */,
				1FCC011E2BF0B278002D1540 /* SafariView.swift in Sources */,
			);
			runOnlyForDeploymentPostprocessing = 0;
		};
/* End PBXSourcesBuildPhase section */

/* Begin XCBuildConfiguration section */
		1F28267F2BED3A86004035FA /* Debug */ = {
			isa = XCBuildConfiguration;
			buildSettings = {
				ALWAYS_SEARCH_USER_PATHS = NO;
				ASSETCATALOG_COMPILER_GENERATE_SWIFT_ASSET_SYMBOL_EXTENSIONS = YES;
				CLANG_ANALYZER_NONNULL = YES;
				CLANG_ANALYZER_NUMBER_OBJECT_CONVERSION = YES_AGGRESSIVE;
				CLANG_CXX_LANGUAGE_STANDARD = "gnu++20";
				CLANG_ENABLE_MODULES = YES;
				CLANG_ENABLE_OBJC_ARC = YES;
				CLANG_ENABLE_OBJC_WEAK = YES;
				CLANG_WARN_BLOCK_CAPTURE_AUTORELEASING = YES;
				CLANG_WARN_BOOL_CONVERSION = YES;
				CLANG_WARN_COMMA = YES;
				CLANG_WARN_CONSTANT_CONVERSION = YES;
				CLANG_WARN_DEPRECATED_OBJC_IMPLEMENTATIONS = YES;
				CLANG_WARN_DIRECT_OBJC_ISA_USAGE = YES_ERROR;
				CLANG_WARN_DOCUMENTATION_COMMENTS = YES;
				CLANG_WARN_EMPTY_BODY = YES;
				CLANG_WARN_ENUM_CONVERSION = YES;
				CLANG_WARN_INFINITE_RECURSION = YES;
				CLANG_WARN_INT_CONVERSION = YES;
				CLANG_WARN_NON_LITERAL_NULL_CONVERSION = YES;
				CLANG_WARN_OBJC_IMPLICIT_RETAIN_SELF = YES;
				CLANG_WARN_OBJC_LITERAL_CONVERSION = YES;
				CLANG_WARN_OBJC_ROOT_CLASS = YES_ERROR;
				CLANG_WARN_QUOTED_INCLUDE_IN_FRAMEWORK_HEADER = YES;
				CLANG_WARN_RANGE_LOOP_ANALYSIS = YES;
				CLANG_WARN_STRICT_PROTOTYPES = YES;
				CLANG_WARN_SUSPICIOUS_MOVE = YES;
				CLANG_WARN_UNGUARDED_AVAILABILITY = YES_AGGRESSIVE;
				CLANG_WARN_UNREACHABLE_CODE = YES;
				CLANG_WARN__DUPLICATE_METHOD_MATCH = YES;
				COPY_PHASE_STRIP = NO;
				DEBUG_INFORMATION_FORMAT = dwarf;
				ENABLE_STRICT_OBJC_MSGSEND = YES;
				ENABLE_TESTABILITY = YES;
				ENABLE_USER_SCRIPT_SANDBOXING = YES;
				GCC_C_LANGUAGE_STANDARD = gnu17;
				GCC_DYNAMIC_NO_PIC = NO;
				GCC_NO_COMMON_BLOCKS = YES;
				GCC_OPTIMIZATION_LEVEL = 0;
				GCC_PREPROCESSOR_DEFINITIONS = (
					"DEBUG=1",
					"$(inherited)",
				);
				GCC_WARN_64_TO_32_BIT_CONVERSION = YES;
				GCC_WARN_ABOUT_RETURN_TYPE = YES_ERROR;
				GCC_WARN_UNDECLARED_SELECTOR = YES;
				GCC_WARN_UNINITIALIZED_AUTOS = YES_AGGRESSIVE;
				GCC_WARN_UNUSED_FUNCTION = YES;
				GCC_WARN_UNUSED_VARIABLE = YES;
				IPHONEOS_DEPLOYMENT_TARGET = 17.4;
				LOCALIZATION_PREFERS_STRING_CATALOGS = YES;
				MTL_ENABLE_DEBUG_INFO = INCLUDE_SOURCE;
				MTL_FAST_MATH = YES;
				ONLY_ACTIVE_ARCH = YES;
				SDKROOT = iphoneos;
				SWIFT_ACTIVE_COMPILATION_CONDITIONS = "DEBUG $(inherited)";
				SWIFT_OPTIMIZATION_LEVEL = "-Onone";
			};
			name = Debug;
		};
		1F2826802BED3A86004035FA /* Release */ = {
			isa = XCBuildConfiguration;
			buildSettings = {
				ALWAYS_SEARCH_USER_PATHS = NO;
				ASSETCATALOG_COMPILER_GENERATE_SWIFT_ASSET_SYMBOL_EXTENSIONS = YES;
				CLANG_ANALYZER_NONNULL = YES;
				CLANG_ANALYZER_NUMBER_OBJECT_CONVERSION = YES_AGGRESSIVE;
				CLANG_CXX_LANGUAGE_STANDARD = "gnu++20";
				CLANG_ENABLE_MODULES = YES;
				CLANG_ENABLE_OBJC_ARC = YES;
				CLANG_ENABLE_OBJC_WEAK = YES;
				CLANG_WARN_BLOCK_CAPTURE_AUTORELEASING = YES;
				CLANG_WARN_BOOL_CONVERSION = YES;
				CLANG_WARN_COMMA = YES;
				CLANG_WARN_CONSTANT_CONVERSION = YES;
				CLANG_WARN_DEPRECATED_OBJC_IMPLEMENTATIONS = YES;
				CLANG_WARN_DIRECT_OBJC_ISA_USAGE = YES_ERROR;
				CLANG_WARN_DOCUMENTATION_COMMENTS = YES;
				CLANG_WARN_EMPTY_BODY = YES;
				CLANG_WARN_ENUM_CONVERSION = YES;
				CLANG_WARN_INFINITE_RECURSION = YES;
				CLANG_WARN_INT_CONVERSION = YES;
				CLANG_WARN_NON_LITERAL_NULL_CONVERSION = YES;
				CLANG_WARN_OBJC_IMPLICIT_RETAIN_SELF = YES;
				CLANG_WARN_OBJC_LITERAL_CONVERSION = YES;
				CLANG_WARN_OBJC_ROOT_CLASS = YES_ERROR;
				CLANG_WARN_QUOTED_INCLUDE_IN_FRAMEWORK_HEADER = YES;
				CLANG_WARN_RANGE_LOOP_ANALYSIS = YES;
				CLANG_WARN_STRICT_PROTOTYPES = YES;
				CLANG_WARN_SUSPICIOUS_MOVE = YES;
				CLANG_WARN_UNGUARDED_AVAILABILITY = YES_AGGRESSIVE;
				CLANG_WARN_UNREACHABLE_CODE = YES;
				CLANG_WARN__DUPLICATE_METHOD_MATCH = YES;
				COPY_PHASE_STRIP = NO;
				DEBUG_INFORMATION_FORMAT = "dwarf-with-dsym";
				ENABLE_NS_ASSERTIONS = NO;
				ENABLE_STRICT_OBJC_MSGSEND = YES;
				ENABLE_USER_SCRIPT_SANDBOXING = YES;
				GCC_C_LANGUAGE_STANDARD = gnu17;
				GCC_NO_COMMON_BLOCKS = YES;
				GCC_WARN_64_TO_32_BIT_CONVERSION = YES;
				GCC_WARN_ABOUT_RETURN_TYPE = YES_ERROR;
				GCC_WARN_UNDECLARED_SELECTOR = YES;
				GCC_WARN_UNINITIALIZED_AUTOS = YES_AGGRESSIVE;
				GCC_WARN_UNUSED_FUNCTION = YES;
				GCC_WARN_UNUSED_VARIABLE = YES;
				IPHONEOS_DEPLOYMENT_TARGET = 17.4;
				LOCALIZATION_PREFERS_STRING_CATALOGS = YES;
				MTL_ENABLE_DEBUG_INFO = NO;
				MTL_FAST_MATH = YES;
				SDKROOT = iphoneos;
				SWIFT_COMPILATION_MODE = wholemodule;
				VALIDATE_PRODUCT = YES;
			};
			name = Release;
		};
		1F2826822BED3A86004035FA /* Debug */ = {
			isa = XCBuildConfiguration;
			buildSettings = {
				ASSETCATALOG_COMPILER_APPICON_NAME = AppIcon;
				ASSETCATALOG_COMPILER_GLOBAL_ACCENT_COLOR_NAME = AccentColor;
				CODE_SIGN_STYLE = Automatic;
				CURRENT_PROJECT_VERSION = 1;
				DEVELOPMENT_ASSET_PATHS = "\"SwiftUi-AppleFrameworks/Preview Content\"";
				ENABLE_PREVIEWS = YES;
				GENERATE_INFOPLIST_FILE = YES;
				INFOPLIST_KEY_UIApplicationSceneManifest_Generation = YES;
				INFOPLIST_KEY_UIApplicationSupportsIndirectInputEvents = YES;
				INFOPLIST_KEY_UILaunchScreen_Generation = YES;
				INFOPLIST_KEY_UISupportedInterfaceOrientations_iPad = "UIInterfaceOrientationPortrait UIInterfaceOrientationPortraitUpsideDown UIInterfaceOrientationLandscapeLeft UIInterfaceOrientationLandscapeRight";
				INFOPLIST_KEY_UISupportedInterfaceOrientations_iPhone = "UIInterfaceOrientationPortrait UIInterfaceOrientationLandscapeLeft UIInterfaceOrientationLandscapeRight";
				LD_RUNPATH_SEARCH_PATHS = (
					"$(inherited)",
					"@executable_path/Frameworks",
				);
				MARKETING_VERSION = 1.0;
				PRODUCT_BUNDLE_IDENTIFIER = "-2.SwiftUi-AppleFrameworks";
				PRODUCT_NAME = "$(TARGET_NAME)";
				SWIFT_EMIT_LOC_STRINGS = YES;
				SWIFT_VERSION = 5.0;
				TARGETED_DEVICE_FAMILY = "1,2";
			};
			name = Debug;
		};
		1F2826832BED3A86004035FA /* Release */ = {
			isa = XCBuildConfiguration;
			buildSettings = {
				ASSETCATALOG_COMPILER_APPICON_NAME = AppIcon;
				ASSETCATALOG_COMPILER_GLOBAL_ACCENT_COLOR_NAME = AccentColor;
				CODE_SIGN_STYLE = Automatic;
				CURRENT_PROJECT_VERSION = 1;
				DEVELOPMENT_ASSET_PATHS = "\"SwiftUi-AppleFrameworks/Preview Content\"";
				ENABLE_PREVIEWS = YES;
				GENERATE_INFOPLIST_FILE = YES;
				INFOPLIST_KEY_UIApplicationSceneManifest_Generation = YES;
				INFOPLIST_KEY_UIApplicationSupportsIndirectInputEvents = YES;
				INFOPLIST_KEY_UILaunchScreen_Generation = YES;
				INFOPLIST_KEY_UISupportedInterfaceOrientations_iPad = "UIInterfaceOrientationPortrait UIInterfaceOrientationPortraitUpsideDown UIInterfaceOrientationLandscapeLeft UIInterfaceOrientationLandscapeRight";
				INFOPLIST_KEY_UISupportedInterfaceOrientations_iPhone = "UIInterfaceOrientationPortrait UIInterfaceOrientationLandscapeLeft UIInterfaceOrientationLandscapeRight";
				LD_RUNPATH_SEARCH_PATHS = (
					"$(inherited)",
					"@executable_path/Frameworks",
				);
				MARKETING_VERSION = 1.0;
				PRODUCT_BUNDLE_IDENTIFIER = "-2.SwiftUi-AppleFrameworks";
				PRODUCT_NAME = "$(TARGET_NAME)";
				SWIFT_EMIT_LOC_STRINGS = YES;
				SWIFT_VERSION = 5.0;
				TARGETED_DEVICE_FAMILY = "1,2";
			};
			name = Release;
		};
/* End XCBuildConfiguration section */

/* Begin XCConfigurationList section */
		1F28266E2BED3A81004035FA /* Build configuration list for PBXProject "SwiftUi-AppleFrameworks" */ = {
			isa = XCConfigurationList;
			buildConfigurations = (
				1F28267F2BED3A86004035FA /* Debug */,
				1F2826802BED3A86004035FA /* Release */,
			);
			defaultConfigurationIsVisible = 0;
			defaultConfigurationName = Release;
		};
		1F2826812BED3A86004035FA /* Build configuration list for PBXNativeTarget "SwiftUi-AppleFrameworks" */ = {
			isa = XCConfigurationList;
			buildConfigurations = (
				1F2826822BED3A86004035FA /* Debug */,
				1F2826832BED3A86004035FA /* Release */,
			);
			defaultConfigurationIsVisible = 0;
			defaultConfigurationName = Release;
		};
/* End XCConfigurationList section */
	};
	rootObject = 1F28266B2BED3A81004035FA /* Project object */;
}
